
Microsoft Visual Studio Solution File, Format Version 12.00
# Visual Studio Version 17
VisualStudioVersion = 17.11.35312.102
MinimumVisualStudioVersion = 10.0.40219.1
Project("{FAE04EC0-301F-11D3-BF4B-00C04F79EFBC}") = "Cliente", "Cliente\Cliente.csproj", "{B1456D00-CDB0-425B-9B73-24A4C238DEA0}"
EndProject
Global
	GlobalSection(SolutionConfigurationPlatforms) = preSolution
		Debug|Any CPU = Debug|Any CPU
		Release|Any CPU = Release|Any CPU
	EndGlobalSection
	GlobalSection(ProjectConfigurationPlatforms) = postSolution
		{B1456D00-CDB0-425B-9B73-24A4C238DEA0}.Debug|Any CPU.ActiveCfg = Debug|Any CPU
		{B1456D00-CDB0-425B-9B73-24A4C238DEA0}.Debug|Any CPU.Build.0 = Debug|Any CPU
		{B1456D00-CDB0-425B-9B73-24A4C238DEA0}.Release|Any CPU.ActiveCfg = Release|Any CPU
		{B1456D00-CDB0-425B-9B73-24A4C238DEA0}.Release|Any CPU.Build.0 = Release|Any CPU
	EndGlobalSection
	GlobalSection(SolutionProperties) = preSolution
		HideSolutionNode = FALSE
	EndGlobalSection
	GlobalSection(ExtensibilityGlobals) = postSolution
		SolutionGuid = {C4D555BB-37C6-4879-9D21-604246CD9F72}
	EndGlobalSection
EndGlobal
